
Microsoft Visual Studio Solution File, Format Version 12.00
# Visual Studio Version 17
VisualStudioVersion = 17.9.34701.34
MinimumVisualStudioVersion = 10.0.40219.1
Project("{9A19103F-16F7-4668-BE54-9A1E7A4F7556}") = "SigalNET.Gateway", "SigalNET.Gateway.csproj", "{D6ECFE6F-A5BC-4F72-891D-19BF9F0CB489}"
EndProject
Project("{9A19103F-16F7-4668-BE54-9A1E7A4F7556}") = "SigalNET.Gateway.Tests", "Tests\SigalNET.Gateway.Tests.csproj", "{5A7BC58B-9C0B-4CB9-9CFD-DB09A6B194DB}"
EndProject
Global
	GlobalSection(SolutionConfigurationPlatforms) = preSolution
		Debug|Any CPU = Debug|Any CPU
		Release|Any CPU = Release|Any CPU
	EndGlobalSection
	GlobalSection(ProjectConfigurationPlatforms) = postSolution
		{D6ECFE6F-A5BC-4F72-891D-19BF9F0CB489}.Debug|Any CPU.ActiveCfg = Debug|Any CPU
		{D6ECFE6F-A5BC-4F72-891D-19BF9F0CB489}.Debug|Any CPU.Build.0 = Debug|Any CPU
		{D6ECFE6F-A5BC-4F72-891D-19BF9F0CB489}.Release|Any CPU.ActiveCfg = Release|Any CPU
		{D6ECFE6F-A5BC-4F72-891D-19BF9F0CB489}.Release|Any CPU.Build.0 = Release|Any CPU
		{5A7BC58B-9C0B-4CB9-9CFD-DB09A6B194DB}.Debug|Any CPU.ActiveCfg = Debug|Any CPU
		{5A7BC58B-9C0B-4CB9-9CFD-DB09A6B194DB}.Debug|Any CPU.Build.0 = Debug|Any CPU
		{5A7BC58B-9C0B-4CB9-9CFD-DB09A6B194DB}.Release|Any CPU.ActiveCfg = Release|Any CPU
		{5A7BC58B-9C0B-4CB9-9CFD-DB09A6B194DB}.Release|Any CPU.Build.0 = Release|Any CPU
	EndGlobalSection
	GlobalSection(SolutionProperties) = preSolution
		HideSolutionNode = FALSE
	EndGlobalSection
	GlobalSection(ExtensibilityGlobals) = postSolution
		SolutionGuid = {7A9045F5-6DD6-463B-9855-806EB8B35068}
	EndGlobalSection
EndGlobal
